<?xml version="1.0" encoding="utf-8"?>
<Project ToolsVersion="4.0" xmlns="http://schemas.microsoft.com/developer/msbuild/2003">
  <ItemGroup>
    <Filter Include="Source Files">
      <UniqueIdentifier>{4FC737F1-C7A5-4376-A066-2A32D752A2FF}</UniqueIdentifier>
      <Extensions>cpp;c;cc;cxx;c++;def;odl;idl;hpj;bat;asm;asmx</Extensions>
    </Filter>
    <Filter Include="Header Files">
      <UniqueIdentifier>{93995380-89BD-4b04-88EB-625FBE52EBFB}</UniqueIdentifier>
      <Extensions>h;hh;hpp;hxx;h++;hm;inl;inc;ipp;xsd</Extensions>
    </Filter>
    <Filter Include="Resource Files">
      <UniqueIdentifier>{67DA6AB6-F800-4c08-8B7A-83BB121AAD01}</UniqueIdentifier>
      <Extensions>rc;ico;cur;bmp;dlg;rc2;rct;bin;rgs;gif;jpg;jpeg;jpe;resx;tiff;tif;png;wav;mfcribbon-ms</Extensions>
    </Filter>
  </ItemGroup>
  <ItemGroup>
    <ClCompile Include="LogInPage.cpp">
      <Filter>Source Files</Filter>
    </ClCompile>
    <ClCompile Include="Student Page.cpp">
      <Filter>Source Files</Filter>
    </ClCompile>
    <ClCompile Include="TeacherPage.cpp">
      <Filter>Source Files</Filter>
    </ClCompile>
    <ClCompile Include="AdminPage.cpp">
      <Filter>Source Files</Filter>
    </ClCompile>
    <ClCompile Include="ACampusInfo.cpp">
      <Filter>Source Files</Filter>
    </ClCompile>
    <ClCompile Include="AProfile.cpp">
      <Filter>Source Files</Filter>
    </ClCompile>
    <ClCompile Include="AEditProfile.cpp">
      <Filter>Source Files</Filter>
    </ClCompile>
    <ClCompile Include="AChangePassword.cpp">
      <Filter>Source Files</Filter>
    </ClCompile>
    <ClCompile Include="ACampusJobs.cpp">
      <Filter>Source Files</Filter>
    </ClCompile>
    <ClCompile Include="AAddStaff.cpp">
      <Filter>Source Files</Filter>
    </ClCompile>
    <ClCompile Include="AViewStaff.cpp">
      <Filter>Source Files</Filter>
    </ClCompile>
    <ClCompile Include="Staff.cpp">
      <Filter>Source Files</Filter>
    </ClCompile>
    <ClCompile Include="Student.cpp">
      <Filter>Source Files</Filter>
    </ClCompile>
    <ClCompile Include="AViewStudents.cpp">
      <Filter>Source Files</Filter>
    </ClCompile>
    <ClCompile Include="AAddStudent.cpp">
      <Filter>Source Files</Filter>
    </ClCompile>
    <ClCompile Include="Teacher.cpp">
      <Filter>Source Files</Filter>
    </ClCompile>
    <ClCompile Include="AAddTeacher.cpp">
      <Filter>Source Files</Filter>
    </ClCompile>
    <ClCompile Include="AViewTeacher.cpp">
      <Filter>Source Files</Filter>
    </ClCompile>
    <ClCompile Include="Admin.cpp">
      <Filter>Source Files</Filter>
    </ClCompile>
    <ClCompile Include="AViewAdmin.cpp">
      <Filter>Source Files</Filter>
    </ClCompile>
    <ClCompile Include="SProfile.cpp">
      <Filter>Source Files</Filter>
    </ClCompile>
    <ClCompile Include="SEditProfile.cpp">
      <Filter>Source Files</Filter>
    </ClCompile>
    <ClCompile Include="SChangePassword.cpp">
      <Filter>Source Files</Filter>
    </ClCompile>
    <ClCompile Include="AUpdateStaff.cpp">
      <Filter>Source Files</Filter>
    </ClCompile>
    <ClCompile Include="ARemoveStaff.cpp">
      <Filter>Source Files</Filter>
    </ClCompile>
    <ClCompile Include="AUpdateTeacher.cpp">
      <Filter>Source Files</Filter>
    </ClCompile>
    <ClCompile Include="ARemoveTeacher.cpp">
      <Filter>Source Files</Filter>
    </ClCompile>
    <ClCompile Include="AUpdateStudent.cpp">
      <Filter>Source Files</Filter>
    </ClCompile>
    <ClCompile Include="ARemoveStudent.cpp">
      <Filter>Source Files</Filter>
    </ClCompile>
    <ClCompile Include="AUpdateAdmin.cpp">
      <Filter>Source Files</Filter>
    </ClCompile>
    <ClCompile Include="ARemoveAdmin.cpp">
      <Filter>Source Files</Filter>
    </ClCompile>
    <ClCompile Include="TProfile.cpp">
      <Filter>Source Files</Filter>
    </ClCompile>
    <ClCompile Include="TEditProfile.cpp">
      <Filter>Source Files</Filter>
    </ClCompile>
    <ClCompile Include="TChangePassword.cpp">
      <Filter>Source Files</Filter>
    </ClCompile>
    <ClCompile Include="SCV.cpp">
      <Filter>Source Files</Filter>
    </ClCompile>
    <ClCompile Include="ASCV.cpp">
      <Filter>Source Files</Filter>
    </ClCompile>
    <ClCompile Include="NewsAndForms.cpp">
      <Filter>Source Files</Filter>
    </ClCompile>
    <ClCompile Include="ACourses.cpp">
      <Filter>Source Files</Filter>
    </ClCompile>
    <ClCompile Include="ASections.cpp">
      <Filter>Source Files</Filter>
    </ClCompile>
    <ClCompile Include="TCourses.cpp">
      <Filter>Source Files</Filter>
    </ClCompile>
    <ClCompile Include="TSections.cpp">
      <Filter>Source Files</Filter>
    </ClCompile>
    <ClCompile Include="SCourses.cpp">
      <Filter>Source Files</Filter>
    </ClCompile>
    <ClCompile Include="AllCourses.cpp">
      <Filter>Source Files</Filter>
    </ClCompile>
    <ClCompile Include="News.cpp">
      <Filter>Source Files</Filter>
    </ClCompile>
    <ClCompile Include="AInternship.cpp">
      <Filter>Source Files</Filter>
    </ClCompile>
    <ClCompile Include="Internships.cpp">
      <Filter>Source Files</Filter>
    </ClCompile>
    <ClCompile Include="ACampusInfo1.cpp">
      <Filter>Source Files</Filter>
    </ClCompile>
  </ItemGroup>
  <ItemGroup>
    <ClInclude Include="LogInPage.h">
      <Filter>Header Files</Filter>
    </ClInclude>
    <ClInclude Include="Student Page.h">
      <Filter>Header Files</Filter>
    </ClInclude>
    <ClInclude Include="TeacherPage.h">
      <Filter>Header Files</Filter>
    </ClInclude>
    <ClInclude Include="AdminPage.h">
      <Filter>Header Files</Filter>
    </ClInclude>
    <ClInclude Include="ACampusInfo.h">
      <Filter>Header Files</Filter>
    </ClInclude>
    <ClInclude Include="AProfile.h">
      <Filter>Header Files</Filter>
    </ClInclude>
    <ClInclude Include="AEditProfile.h">
      <Filter>Header Files</Filter>
    </ClInclude>
    <ClInclude Include="AChangePassword.h">
      <Filter>Header Files</Filter>
    </ClInclude>
    <ClInclude Include="ACampusJobs.h">
      <Filter>Header Files</Filter>
    </ClInclude>
    <ClInclude Include="AAddStaff.h">
      <Filter>Header Files</Filter>
    </ClInclude>
    <ClInclude Include="AViewStaff.h">
      <Filter>Header Files</Filter>
    </ClInclude>
    <ClInclude Include="Staff.h">
      <Filter>Header Files</Filter>
    </ClInclude>
    <ClInclude Include="Student.h">
      <Filter>Header Files</Filter>
    </ClInclude>
    <ClInclude Include="AViewStudents.h">
      <Filter>Header Files</Filter>
    </ClInclude>
    <ClInclude Include="AAddStudent.h">
      <Filter>Header Files</Filter>
    </ClInclude>
    <ClInclude Include="Teacher.h">
      <Filter>Header Files</Filter>
    </ClInclude>
    <ClInclude Include="AAddTeacher.h">
      <Filter>Header Files</Filter>
    </ClInclude>
    <ClInclude Include="AViewTeacher.h">
      <Filter>Header Files</Filter>
    </ClInclude>
    <ClInclude Include="Admin.h">
      <Filter>Header Files</Filter>
    </ClInclude>
    <ClInclude Include="AViewAdmin.h">
      <Filter>Header Files</Filter>
    </ClInclude>
    <ClInclude Include="SProfile.h">
      <Filter>Header Files</Filter>
    </ClInclude>
    <ClInclude Include="SEditProfile.h">
      <Filter>Header Files</Filter>
    </ClInclude>
    <ClInclude Include="SChangePassword.h">
      <Filter>Header Files</Filter>
    </ClInclude>
    <ClInclude Include="AUpdateStaff.h">
      <Filter>Header Files</Filter>
    </ClInclude>
    <ClInclude Include="ARemoveStaff.h">
      <Filter>Header Files</Filter>
    </ClInclude>
    <ClInclude Include="AUpdateTeacher.h">
      <Filter>Header Files</Filter>
    </ClInclude>
    <ClInclude Include="ARemoveTeacher.h">
      <Filter>Header Files</Filter>
    </ClInclude>
    <ClInclude Include="AUpdateStudent.h">
      <Filter>Header Files</Filter>
    </ClInclude>
    <ClInclude Include="ARemoveStudent.h">
      <Filter>Header Files</Filter>
    </ClInclude>
    <ClInclude Include="AUpdateAdmin.h">
      <Filter>Header Files</Filter>
    </ClInclude>
    <ClInclude Include="ARemoveAdmin.h">
      <Filter>Header Files</Filter>
    </ClInclude>
    <ClInclude Include="TProfile.h">
      <Filter>Header Files</Filter>
    </ClInclude>
    <ClInclude Include="TEditProfile.h">
      <Filter>Header Files</Filter>
    </ClInclude>
    <ClInclude Include="TChangePassword.h">
      <Filter>Header Files</Filter>
    </ClInclude>
    <ClInclude Include="SCV.h">
      <Filter>Header Files</Filter>
    </ClInclude>
    <ClInclude Include="ASCV.h">
      <Filter>Header Files</Filter>
    </ClInclude>
    <ClInclude Include="ACourses.h">
      <Filter>Header Files</Filter>
    </ClInclude>
    <ClInclude Include="ASections.h">
      <Filter>Header Files</Filter>
    </ClInclude>
    <ClInclude Include="TCourses.h">
      <Filter>Header Files</Filter>
    </ClInclude>
    <ClInclude Include="TSections.h">
      <Filter>Header Files</Filter>
    </ClInclude>
    <ClInclude Include="SCourses.h">
      <Filter>Header Files</Filter>
    </ClInclude>
    <ClInclude Include="AllCourses.h">
      <Filter>Header Files</Filter>
    </ClInclude>
    <ClInclude Include="News.h">
      <Filter>Header Files</Filter>
    </ClInclude>
    <ClInclude Include="AInternship.h">
      <Filter>Header Files</Filter>
    </ClInclude>
    <ClInclude Include="Internships.h">
      <Filter>Header Files</Filter>
    </ClInclude>
    <ClInclude Include="ACampusInfo1.h">
      <Filter>Header Files</Filter>
    </ClInclude>
  </ItemGroup>
  <ItemGroup>
    <Text Include="..\..\..\Desktop\AAA.txt" />
  </ItemGroup>
</Project>